// !$*UTF8*$!
{
	archiveVersion = 1;
	classes = {
	};
	objectVersion = 55;
	objects = {

/* Begin PBXBuildFile section */
		8A9DA06DD69395EB31C2BB8B /* Pods_CatchStream.framework in Frameworks */ = {isa = PBXBuildFile; fileRef = 12D063F4AA4BE13C8084FCFF /* Pods_CatchStream.framework */; };
		C31A7DEB28150B4E0086A644 /* AppDelegate.swift in Sources */ = {isa = PBXBuildFile; fileRef = C31A7DEA28150B4E0086A644 /* AppDelegate.swift */; };
		C31A7DED28150B4E0086A644 /* SceneDelegate.swift in Sources */ = {isa = PBXBuildFile; fileRef = C31A7DEC28150B4E0086A644 /* SceneDelegate.swift */; };
		C31A7DEF28150B4E0086A644 /* MainTabBarViewController.swift in Sources */ = {isa = PBXBuildFile; fileRef = C31A7DEE28150B4E0086A644 /* MainTabBarViewController.swift */; };
		C31A7DF528150B4E0086A644 /* CatchStream.xcdatamodeld in Sources */ = {isa = PBXBuildFile; fileRef = C31A7DF328150B4E0086A644 /* CatchStream.xcdatamodeld */; };
		C31A7DF728150B500086A644 /* Assets.xcassets in Resources */ = {isa = PBXBuildFile; fileRef = C31A7DF628150B500086A644 /* Assets.xcassets */; };
		C31A7DFA28150B500086A644 /* LaunchScreen.storyboard in Resources */ = {isa = PBXBuildFile; fileRef = C31A7DF828150B500086A644 /* LaunchScreen.storyboard */; };
		C31A7E032815198E0086A644 /* HomeViewController.swift in Sources */ = {isa = PBXBuildFile; fileRef = C31A7E022815198E0086A644 /* HomeViewController.swift */; };
		C31A7E05281519B90086A644 /* UpcomingViewController.swift in Sources */ = {isa = PBXBuildFile; fileRef = C31A7E04281519B90086A644 /* UpcomingViewController.swift */; };
		C31A7E07281519E80086A644 /* SearchViewController.swift in Sources */ = {isa = PBXBuildFile; fileRef = C31A7E06281519E80086A644 /* SearchViewController.swift */; };
		C31A7E0928151A110086A644 /* DownloadsViewController.swift in Sources */ = {isa = PBXBuildFile; fileRef = C31A7E0828151A110086A644 /* DownloadsViewController.swift */; };
		C31A7E10281554390086A644 /* CollectionViewTableViewCell.swift in Sources */ = {isa = PBXBuildFile; fileRef = C31A7E0F281554390086A644 /* CollectionViewTableViewCell.swift */; };
		C331ED262835F2020042C683 /* APICaller.swift in Sources */ = {isa = PBXBuildFile; fileRef = C331ED252835F2020042C683 /* APICaller.swift */; };
		C331ED282835F66C0042C683 /* Title.swift in Sources */ = {isa = PBXBuildFile; fileRef = C331ED272835F66C0042C683 /* Title.swift */; };
		C36060EA28166262005D960F /* HeroHeaderUIView.swift in Sources */ = {isa = PBXBuildFile; fileRef = C36060E928166262005D960F /* HeroHeaderUIView.swift */; };
		C3C2F917283B3CCA0060A40E /* TitleTableViewCell.swift in Sources */ = {isa = PBXBuildFile; fileRef = C3C2F916283B3CCA0060A40E /* TitleTableViewCell.swift */; };
		C3C2F919283B474B0060A40E /* TitleViewModel.swift in Sources */ = {isa = PBXBuildFile; fileRef = C3C2F918283B474B0060A40E /* TitleViewModel.swift */; };
		C3F8FBE62839EEC90039B446 /* TitleCollectionViewCell.swift in Sources */ = {isa = PBXBuildFile; fileRef = C3F8FBE52839EEC90039B446 /* TitleCollectionViewCell.swift */; };
		C3F8FBE92839F0650039B446 /* SDWebImage in Frameworks */ = {isa = PBXBuildFile; productRef = C3F8FBE82839F0650039B446 /* SDWebImage */; };
		C3F8FBEB2839F0650039B446 /* SDWebImageMapKit in Frameworks */ = {isa = PBXBuildFile; productRef = C3F8FBEA2839F0650039B446 /* SDWebImageMapKit */; };
		C3FFF41B2837678D0070152C /* Extension.swift in Sources */ = {isa = PBXBuildFile; fileRef = C3FFF41A2837678D0070152C /* Extension.swift */; };
/* End PBXBuildFile section */

/* Begin PBXFileReference section */
		0CD612CF0AED0EBAF9E712A0 /* Pods-CatchStream.release.xcconfig */ = {isa = PBXFileReference; includeInIndex = 1; lastKnownFileType = text.xcconfig; name = "Pods-CatchStream.release.xcconfig"; path = "Target Support Files/Pods-CatchStream/Pods-CatchStream.release.xcconfig"; sourceTree = "<group>"; };
		12D063F4AA4BE13C8084FCFF /* Pods_CatchStream.framework */ = {isa = PBXFileReference; explicitFileType = wrapper.framework; includeInIndex = 0; path = Pods_CatchStream.framework; sourceTree = BUILT_PRODUCTS_DIR; };
		C31A7DE728150B4E0086A644 /* CatchStream.app */ = {isa = PBXFileReference; explicitFileType = wrapper.application; includeInIndex = 0; path = CatchStream.app; sourceTree = BUILT_PRODUCTS_DIR; };
		C31A7DEA28150B4E0086A644 /* AppDelegate.swift */ = {isa = PBXFileReference; lastKnownFileType = sourcecode.swift; path = AppDelegate.swift; sourceTree = "<group>"; };
		C31A7DEC28150B4E0086A644 /* SceneDelegate.swift */ = {isa = PBXFileReference; lastKnownFileType = sourcecode.swift; path = SceneDelegate.swift; sourceTree = "<group>"; };
		C31A7DEE28150B4E0086A644 /* MainTabBarViewController.swift */ = {isa = PBXFileReference; lastKnownFileType = sourcecode.swift; path = MainTabBarViewController.swift; sourceTree = "<group>"; };
		C31A7DF428150B4E0086A644 /* CatchStream.xcdatamodel */ = {isa = PBXFileReference; lastKnownFileType = wrapper.xcdatamodel; path = CatchStream.xcdatamodel; sourceTree = "<group>"; };
		C31A7DF628150B500086A644 /* Assets.xcassets */ = {isa = PBXFileReference; lastKnownFileType = folder.assetcatalog; path = Assets.xcassets; sourceTree = "<group>"; };
		C31A7DF928150B500086A644 /* Base */ = {isa = PBXFileReference; lastKnownFileType = file.storyboard; name = Base; path = Base.lproj/LaunchScreen.storyboard; sourceTree = "<group>"; };
		C31A7DFB28150B500086A644 /* Info.plist */ = {isa = PBXFileReference; lastKnownFileType = text.plist.xml; path = Info.plist; sourceTree = "<group>"; };
		C31A7E022815198E0086A644 /* HomeViewController.swift */ = {isa = PBXFileReference; lastKnownFileType = sourcecode.swift; path = HomeViewController.swift; sourceTree = "<group>"; };
		C31A7E04281519B90086A644 /* UpcomingViewController.swift */ = {isa = PBXFileReference; lastKnownFileType = sourcecode.swift; path = UpcomingViewController.swift; sourceTree = "<group>"; };
		C31A7E06281519E80086A644 /* SearchViewController.swift */ = {isa = PBXFileReference; lastKnownFileType = sourcecode.swift; path = SearchViewController.swift; sourceTree = "<group>"; };
		C31A7E0828151A110086A644 /* DownloadsViewController.swift */ = {isa = PBXFileReference; lastKnownFileType = sourcecode.swift; path = DownloadsViewController.swift; sourceTree = "<group>"; };
		C31A7E0F281554390086A644 /* CollectionViewTableViewCell.swift */ = {isa = PBXFileReference; lastKnownFileType = sourcecode.swift; path = CollectionViewTableViewCell.swift; sourceTree = "<group>"; };
		C331ED252835F2020042C683 /* APICaller.swift */ = {isa = PBXFileReference; lastKnownFileType = sourcecode.swift; path = APICaller.swift; sourceTree = "<group>"; };
		C331ED272835F66C0042C683 /* Title.swift */ = {isa = PBXFileReference; lastKnownFileType = sourcecode.swift; path = Title.swift; sourceTree = "<group>"; };
		C36060E928166262005D960F /* HeroHeaderUIView.swift */ = {isa = PBXFileReference; lastKnownFileType = sourcecode.swift; path = HeroHeaderUIView.swift; sourceTree = "<group>"; };
		C3C2F916283B3CCA0060A40E /* TitleTableViewCell.swift */ = {isa = PBXFileReference; lastKnownFileType = sourcecode.swift; path = TitleTableViewCell.swift; sourceTree = "<group>"; };
		C3C2F918283B474B0060A40E /* TitleViewModel.swift */ = {isa = PBXFileReference; lastKnownFileType = sourcecode.swift; path = TitleViewModel.swift; sourceTree = "<group>"; };
		C3F8FBE52839EEC90039B446 /* TitleCollectionViewCell.swift */ = {isa = PBXFileReference; lastKnownFileType = sourcecode.swift; path = TitleCollectionViewCell.swift; sourceTree = "<group>"; };
		C3FFF41A2837678D0070152C /* Extension.swift */ = {isa = PBXFileReference; lastKnownFileType = sourcecode.swift; path = Extension.swift; sourceTree = "<group>"; };
		FF480E5AF3516BB34BCA4FBE /* Pods-CatchStream.debug.xcconfig */ = {isa = PBXFileReference; includeInIndex = 1; lastKnownFileType = text.xcconfig; name = "Pods-CatchStream.debug.xcconfig"; path = "Target Support Files/Pods-CatchStream/Pods-CatchStream.debug.xcconfig"; sourceTree = "<group>"; };
/* End PBXFileReference section */

/* Begin PBXFrameworksBuildPhase section */
		C31A7DE428150B4E0086A644 /* Frameworks */ = {
			isa = PBXFrameworksBuildPhase;
			buildActionMask = 2147483647;
			files = (
				C3F8FBE92839F0650039B446 /* SDWebImage in Frameworks */,
				C3F8FBEB2839F0650039B446 /* SDWebImageMapKit in Frameworks */,
				8A9DA06DD69395EB31C2BB8B /* Pods_CatchStream.framework in Frameworks */,
			);
			runOnlyForDeploymentPostprocessing = 0;
		};
/* End PBXFrameworksBuildPhase section */

/* Begin PBXGroup section */
		966F374398D3017853B29B65 /* Frameworks */ = {
			isa = PBXGroup;
			children = (
				12D063F4AA4BE13C8084FCFF /* Pods_CatchStream.framework */,
			);
			name = Frameworks;
			sourceTree = "<group>";
		};
		C31A7DDE28150B4E0086A644 = {
			isa = PBXGroup;
			children = (
				C31A7DE928150B4E0086A644 /* CatchStream */,
				C31A7DE828150B4E0086A644 /* Products */,
				D5FDF0991F77E631DB6E2DE0 /* Pods */,
				966F374398D3017853B29B65 /* Frameworks */,
			);
			sourceTree = "<group>";
		};
		C31A7DE828150B4E0086A644 /* Products */ = {
			isa = PBXGroup;
			children = (
				C31A7DE728150B4E0086A644 /* CatchStream.app */,
			);
			name = Products;
			sourceTree = "<group>";
		};
		C31A7DE928150B4E0086A644 /* CatchStream */ = {
			isa = PBXGroup;
			children = (
				C31A7E0E281553FC0086A644 /* Managers */,
				C31A7E0D281553F40086A644 /* Resources */,
				C31A7E0C281553DD0086A644 /* Model */,
				C31A7E0A281553C80086A644 /* Views */,
				C31A7E0B281553D40086A644 /* ViewModels */,
				C31A7E012815196A0086A644 /* Controllers */,
				C31A7DEA28150B4E0086A644 /* AppDelegate.swift */,
				C31A7DEC28150B4E0086A644 /* SceneDelegate.swift */,
				C31A7DEE28150B4E0086A644 /* MainTabBarViewController.swift */,
				C31A7DF628150B500086A644 /* Assets.xcassets */,
				C31A7DF828150B500086A644 /* LaunchScreen.storyboard */,
				C31A7DFB28150B500086A644 /* Info.plist */,
				C31A7DF328150B4E0086A644 /* CatchStream.xcdatamodeld */,
			);
			path = CatchStream;
			sourceTree = "<group>";
		};
		C31A7E012815196A0086A644 /* Controllers */ = {
			isa = PBXGroup;
			children = (
				C31A7E022815198E0086A644 /* HomeViewController.swift */,
				C31A7E04281519B90086A644 /* UpcomingViewController.swift */,
				C31A7E06281519E80086A644 /* SearchViewController.swift */,
				C31A7E0828151A110086A644 /* DownloadsViewController.swift */,
			);
			path = Controllers;
			sourceTree = "<group>";
		};
		C31A7E0A281553C80086A644 /* Views */ = {
			isa = PBXGroup;
			children = (
				C3F8FBE42839EE800039B446 /* Custom Cells */,
				C31A7E0F281554390086A644 /* CollectionViewTableViewCell.swift */,
				C36060E928166262005D960F /* HeroHeaderUIView.swift */,
			);
			path = Views;
			sourceTree = "<group>";
		};
		C31A7E0B281553D40086A644 /* ViewModels */ = {
			isa = PBXGroup;
			children = (
				C3C2F918283B474B0060A40E /* TitleViewModel.swift */,
			);
			path = ViewModels;
			sourceTree = "<group>";
		};
		C31A7E0C281553DD0086A644 /* Model */ = {
			isa = PBXGroup;
			children = (
				C331ED272835F66C0042C683 /* Title.swift */,
			);
			path = Model;
			sourceTree = "<group>";
		};
		C31A7E0D281553F40086A644 /* Resources */ = {
			isa = PBXGroup;
			children = (
				C3FFF41A2837678D0070152C /* Extension.swift */,
			);
			path = Resources;
			sourceTree = "<group>";
		};
		C31A7E0E281553FC0086A644 /* Managers */ = {
			isa = PBXGroup;
			children = (
				C331ED252835F2020042C683 /* APICaller.swift */,
			);
			path = Managers;
			sourceTree = "<group>";
		};
		C3F8FBE42839EE800039B446 /* Custom Cells */ = {
			isa = PBXGroup;
			children = (
				C3F8FBE52839EEC90039B446 /* TitleCollectionViewCell.swift */,
				C3C2F916283B3CCA0060A40E /* TitleTableViewCell.swift */,
			);
			path = "Custom Cells";
			sourceTree = "<group>";
		};
		D5FDF0991F77E631DB6E2DE0 /* Pods */ = {
			isa = PBXGroup;
			children = (
				FF480E5AF3516BB34BCA4FBE /* Pods-CatchStream.debug.xcconfig */,
				0CD612CF0AED0EBAF9E712A0 /* Pods-CatchStream.release.xcconfig */,
			);
			path = Pods;
			sourceTree = "<group>";
		};
/* End PBXGroup section */

/* Begin PBXNativeTarget section */
		C31A7DE628150B4E0086A644 /* CatchStream */ = {
			isa = PBXNativeTarget;
			buildConfigurationList = C31A7DFE28150B500086A644 /* Build configuration list for PBXNativeTarget "CatchStream" */;
			buildPhases = (
				ADEE6EA5CF07F3C495655904 /* [CP] Check Pods Manifest.lock */,
				C31A7DE328150B4E0086A644 /* Sources */,
				C31A7DE428150B4E0086A644 /* Frameworks */,
				C31A7DE528150B4E0086A644 /* Resources */,
			);
			buildRules = (
			);
			dependencies = (
			);
			name = CatchStream;
			packageProductDependencies = (
				C3F8FBE82839F0650039B446 /* SDWebImage */,
				C3F8FBEA2839F0650039B446 /* SDWebImageMapKit */,
			);
			productName = CatchStream;
			productReference = C31A7DE728150B4E0086A644 /* CatchStream.app */;
			productType = "com.apple.product-type.application";
		};
/* End PBXNativeTarget section */

/* Begin PBXProject section */
		C31A7DDF28150B4E0086A644 /* Project object */ = {
			isa = PBXProject;
			attributes = {
				BuildIndependentTargetsInParallel = 1;
				LastSwiftUpdateCheck = 1330;
				LastUpgradeCheck = 1330;
				TargetAttributes = {
					C31A7DE628150B4E0086A644 = {
						CreatedOnToolsVersion = 13.3.1;
					};
				};
			};
			buildConfigurationList = C31A7DE228150B4E0086A644 /* Build configuration list for PBXProject "CatchStream" */;
			compatibilityVersion = "Xcode 13.0";
			developmentRegion = en;
			hasScannedForEncodings = 0;
			knownRegions = (
				en,
				Base,
			);
			mainGroup = C31A7DDE28150B4E0086A644;
			packageReferences = (
				C3F8FBE72839F0650039B446 /* XCRemoteSwiftPackageReference "SDWebImage" */,
			);
			productRefGroup = C31A7DE828150B4E0086A644 /* Products */;
			projectDirPath = "";
			projectRoot = "";
			targets = (
				C31A7DE628150B4E0086A644 /* CatchStream */,
			);
		};
/* End PBXProject section */

/* Begin PBXResourcesBuildPhase section */
		C31A7DE528150B4E0086A644 /* Resources */ = {
			isa = PBXResourcesBuildPhase;
			buildActionMask = 2147483647;
			files = (
				C31A7DFA28150B500086A644 /* LaunchScreen.storyboard in Resources */,
				C31A7DF728150B500086A644 /* Assets.xcassets in Resources */,
			);
			runOnlyForDeploymentPostprocessing = 0;
		};
/* End PBXResourcesBuildPhase section */

/* Begin PBXShellScriptBuildPhase section */
		ADEE6EA5CF07F3C495655904 /* [CP] Check Pods Manifest.lock */ = {
			isa = PBXShellScriptBuildPhase;
			buildActionMask = 2147483647;
			files = (
			);
			inputFileListPaths = (
			);
			inputPaths = (
				"${PODS_PODFILE_DIR_PATH}/Podfile.lock",
				"${PODS_ROOT}/Manifest.lock",
			);
			name = "[CP] Check Pods Manifest.lock";
			outputFileListPaths = (
			);
			outputPaths = (
				"$(DERIVED_FILE_DIR)/Pods-CatchStream-checkManifestLockResult.txt",
			);
			runOnlyForDeploymentPostprocessing = 0;
			shellPath = /bin/sh;
			shellScript = "diff \"${PODS_PODFILE_DIR_PATH}/Podfile.lock\" \"${PODS_ROOT}/Manifest.lock\" > /dev/null\nif [ $? != 0 ] ; then\n    # print error to STDERR\n    echo \"error: The sandbox is not in sync with the Podfile.lock. Run 'pod install' or update your CocoaPods installation.\" >&2\n    exit 1\nfi\n# This output is used by Xcode 'outputs' to avoid re-running this script phase.\necho \"SUCCESS\" > \"${SCRIPT_OUTPUT_FILE_0}\"\n";
			showEnvVarsInLog = 0;
		};
/* End PBXShellScriptBuildPhase section */

/* Begin PBXSourcesBuildPhase section */
		C31A7DE328150B4E0086A644 /* Sources */ = {
			isa = PBXSourcesBuildPhase;
			buildActionMask = 2147483647;
			files = (
				C31A7E05281519B90086A644 /* UpcomingViewController.swift in Sources */,
				C36060EA28166262005D960F /* HeroHeaderUIView.swift in Sources */,
				C331ED282835F66C0042C683 /* Title.swift in Sources */,
				C31A7E07281519E80086A644 /* SearchViewController.swift in Sources */,
				C31A7E0928151A110086A644 /* DownloadsViewController.swift in Sources */,
				C31A7E032815198E0086A644 /* HomeViewController.swift in Sources */,
				C31A7DEF28150B4E0086A644 /* MainTabBarViewController.swift in Sources */,
				C3F8FBE62839EEC90039B446 /* TitleCollectionViewCell.swift in Sources */,
				C31A7E10281554390086A644 /* CollectionViewTableViewCell.swift in Sources */,
				C31A7DEB28150B4E0086A644 /* AppDelegate.swift in Sources */,
				C3C2F917283B3CCA0060A40E /* TitleTableViewCell.swift in Sources */,
				C3FFF41B2837678D0070152C /* Extension.swift in Sources */,
				C331ED262835F2020042C683 /* APICaller.swift in Sources */,
				C3C2F919283B474B0060A40E /* TitleViewModel.swift in Sources */,
				C31A7DED28150B4E0086A644 /* SceneDelegate.swift in Sources */,
				C31A7DF528150B4E0086A644 /* CatchStream.xcdatamodeld in Sources */,
			);
			runOnlyForDeploymentPostprocessing = 0;
		};
/* End PBXSourcesBuildPhase section */

/* Begin PBXVariantGroup section */
		C31A7DF828150B500086A644 /* LaunchScreen.storyboard */ = {
			isa = PBXVariantGroup;
			children = (
				C31A7DF928150B500086A644 /* Base */,
			);
			name = LaunchScreen.storyboard;
			sourceTree = "<group>";
		};
/* End PBXVariantGroup section */

/* Begin XCBuildConfiguration section */
		C31A7DFC28150B500086A644 /* Debug */ = {
			isa = XCBuildConfiguration;
			buildSettings = {
				ALWAYS_SEARCH_USER_PATHS = NO;
				CLANG_ANALYZER_NONNULL = YES;
				CLANG_ANALYZER_NUMBER_OBJECT_CONVERSION = YES_AGGRESSIVE;
				CLANG_CXX_LANGUAGE_STANDARD = "gnu++17";
				CLANG_ENABLE_MODULES = YES;
				CLANG_ENABLE_OBJC_ARC = YES;
				CLANG_ENABLE_OBJC_WEAK = YES;
				CLANG_WARN_BLOCK_CAPTURE_AUTORELEASING = YES;
				CLANG_WARN_BOOL_CONVERSION = YES;
				CLANG_WARN_COMMA = YES;
				CLANG_WARN_CONSTANT_CONVERSION = YES;
				CLANG_WARN_DEPRECATED_OBJC_IMPLEMENTATIONS = YES;
				CLANG_WARN_DIRECT_OBJC_ISA_USAGE = YES_ERROR;
				CLANG_WARN_DOCUMENTATION_COMMENTS = YES;
				CLANG_WARN_EMPTY_BODY = YES;
				CLANG_WARN_ENUM_CONVERSION = YES;
				CLANG_WARN_INFINITE_RECURSION = YES;
				CLANG_WARN_INT_CONVERSION = YES;
				CLANG_WARN_NON_LITERAL_NULL_CONVERSION = YES;
				CLANG_WARN_OBJC_IMPLICIT_RETAIN_SELF = YES;
				CLANG_WARN_OBJC_LITERAL_CONVERSION = YES;
				CLANG_WARN_OBJC_ROOT_CLASS = YES_ERROR;
				CLANG_WARN_QUOTED_INCLUDE_IN_FRAMEWORK_HEADER = YES;
				CLANG_WARN_RANGE_LOOP_ANALYSIS = YES;
				CLANG_WARN_STRICT_PROTOTYPES = YES;
				CLANG_WARN_SUSPICIOUS_MOVE = YES;
				CLANG_WARN_UNGUARDED_AVAILABILITY = YES_AGGRESSIVE;
				CLANG_WARN_UNREACHABLE_CODE = YES;
				CLANG_WARN__DUPLICATE_METHOD_MATCH = YES;
				COPY_PHASE_STRIP = NO;
				DEBUG_INFORMATION_FORMAT = dwarf;
				ENABLE_STRICT_OBJC_MSGSEND = YES;
				ENABLE_TESTABILITY = YES;
				GCC_C_LANGUAGE_STANDARD = gnu11;
				GCC_DYNAMIC_NO_PIC = NO;
				GCC_NO_COMMON_BLOCKS = YES;
				GCC_OPTIMIZATION_LEVEL = 0;
				GCC_PREPROCESSOR_DEFINITIONS = (
					"DEBUG=1",
					"$(inherited)",
				);
				GCC_WARN_64_TO_32_BIT_CONVERSION = YES;
				GCC_WARN_ABOUT_RETURN_TYPE = YES_ERROR;
				GCC_WARN_UNDECLARED_SELECTOR = YES;
				GCC_WARN_UNINITIALIZED_AUTOS = YES_AGGRESSIVE;
				GCC_WARN_UNUSED_FUNCTION = YES;
				GCC_WARN_UNUSED_VARIABLE = YES;
				IPHONEOS_DEPLOYMENT_TARGET = 15.4;
				MTL_ENABLE_DEBUG_INFO = INCLUDE_SOURCE;
				MTL_FAST_MATH = YES;
				ONLY_ACTIVE_ARCH = YES;
				SDKROOT = iphoneos;
				SWIFT_ACTIVE_COMPILATION_CONDITIONS = DEBUG;
				SWIFT_OPTIMIZATION_LEVEL = "-Onone";
			};
			name = Debug;
		};
		C31A7DFD28150B500086A644 /* Release */ = {
			isa = XCBuildConfiguration;
			buildSettings = {
				ALWAYS_SEARCH_USER_PATHS = NO;
				CLANG_ANALYZER_NONNULL = YES;
				CLANG_ANALYZER_NUMBER_OBJECT_CONVERSION = YES_AGGRESSIVE;
				CLANG_CXX_LANGUAGE_STANDARD = "gnu++17";
				CLANG_ENABLE_MODULES = YES;
				CLANG_ENABLE_OBJC_ARC = YES;
				CLANG_ENABLE_OBJC_WEAK = YES;
				CLANG_WARN_BLOCK_CAPTURE_AUTORELEASING = YES;
				CLANG_WARN_BOOL_CONVERSION = YES;
				CLANG_WARN_COMMA = YES;
				CLANG_WARN_CONSTANT_CONVERSION = YES;
				CLANG_WARN_DEPRECATED_OBJC_IMPLEMENTATIONS = YES;
				CLANG_WARN_DIRECT_OBJC_ISA_USAGE = YES_ERROR;
				CLANG_WARN_DOCUMENTATION_COMMENTS = YES;
				CLANG_WARN_EMPTY_BODY = YES;
				CLANG_WARN_ENUM_CONVERSION = YES;
				CLANG_WARN_INFINITE_RECURSION = YES;
				CLANG_WARN_INT_CONVERSION = YES;
				CLANG_WARN_NON_LITERAL_NULL_CONVERSION = YES;
				CLANG_WARN_OBJC_IMPLICIT_RETAIN_SELF = YES;
				CLANG_WARN_OBJC_LITERAL_CONVERSION = YES;
				CLANG_WARN_OBJC_ROOT_CLASS = YES_ERROR;
				CLANG_WARN_QUOTED_INCLUDE_IN_FRAMEWORK_HEADER = YES;
				CLANG_WARN_RANGE_LOOP_ANALYSIS = YES;
				CLANG_WARN_STRICT_PROTOTYPES = YES;
				CLANG_WARN_SUSPICIOUS_MOVE = YES;
				CLANG_WARN_UNGUARDED_AVAILABILITY = YES_AGGRESSIVE;
				CLANG_WARN_UNREACHABLE_CODE = YES;
				CLANG_WARN__DUPLICATE_METHOD_MATCH = YES;
				COPY_PHASE_STRIP = NO;
				DEBUG_INFORMATION_FORMAT = "dwarf-with-dsym";
				ENABLE_NS_ASSERTIONS = NO;
				ENABLE_STRICT_OBJC_MSGSEND = YES;
				GCC_C_LANGUAGE_STANDARD = gnu11;
				GCC_NO_COMMON_BLOCKS = YES;
				GCC_WARN_64_TO_32_BIT_CONVERSION = YES;
				GCC_WARN_ABOUT_RETURN_TYPE = YES_ERROR;
				GCC_WARN_UNDECLARED_SELECTOR = YES;
				GCC_WARN_UNINITIALIZED_AUTOS = YES_AGGRESSIVE;
				GCC_WARN_UNUSED_FUNCTION = YES;
				GCC_WARN_UNUSED_VARIABLE = YES;
				IPHONEOS_DEPLOYMENT_TARGET = 15.4;
				MTL_ENABLE_DEBUG_INFO = NO;
				MTL_FAST_MATH = YES;
				SDKROOT = iphoneos;
				SWIFT_COMPILATION_MODE = wholemodule;
				SWIFT_OPTIMIZATION_LEVEL = "-O";
				VALIDATE_PRODUCT = YES;
			};
			name = Release;
		};
		C31A7DFF28150B500086A644 /* Debug */ = {
			isa = XCBuildConfiguration;
			baseConfigurationReference = FF480E5AF3516BB34BCA4FBE /* Pods-CatchStream.debug.xcconfig */;
			buildSettings = {
				ASSETCATALOG_COMPILER_APPICON_NAME = AppIcon;
				ASSETCATALOG_COMPILER_GLOBAL_ACCENT_COLOR_NAME = AccentColor;
				CODE_SIGN_STYLE = Automatic;
				CURRENT_PROJECT_VERSION = 1;
				GENERATE_INFOPLIST_FILE = YES;
				INFOPLIST_FILE = CatchStream/Info.plist;
				INFOPLIST_KEY_UIApplicationSupportsIndirectInputEvents = YES;
				INFOPLIST_KEY_UILaunchStoryboardName = LaunchScreen;
				INFOPLIST_KEY_UISupportedInterfaceOrientations_iPad = "UIInterfaceOrientationPortrait UIInterfaceOrientationPortraitUpsideDown UIInterfaceOrientationLandscapeLeft UIInterfaceOrientationLandscapeRight";
				INFOPLIST_KEY_UISupportedInterfaceOrientations_iPhone = "UIInterfaceOrientationPortrait UIInterfaceOrientationLandscapeLeft UIInterfaceOrientationLandscapeRight";
				LD_RUNPATH_SEARCH_PATHS = (
					"$(inherited)",
					"@executable_path/Frameworks",
				);
				MARKETING_VERSION = 1.0;
				PRODUCT_BUNDLE_IDENTIFIER = test.CatchStream;
				PRODUCT_NAME = "$(TARGET_NAME)";
				SWIFT_EMIT_LOC_STRINGS = YES;
				SWIFT_VERSION = 5.0;
				TARGETED_DEVICE_FAMILY = "1,2";
			};
			name = Debug;
		};
		C31A7E0028150B500086A644 /* Release */ = {
			isa = XCBuildConfiguration;
			baseConfigurationReference = 0CD612CF0AED0EBAF9E712A0 /* Pods-CatchStream.release.xcconfig */;
			buildSettings = {
				ASSETCATALOG_COMPILER_APPICON_NAME = AppIcon;
				ASSETCATALOG_COMPILER_GLOBAL_ACCENT_COLOR_NAME = AccentColor;
				CODE_SIGN_STYLE = Automatic;
				CURRENT_PROJECT_VERSION = 1;
				GENERATE_INFOPLIST_FILE = YES;
				INFOPLIST_FILE = CatchStream/Info.plist;
				INFOPLIST_KEY_UIApplicationSupportsIndirectInputEvents = YES;
				INFOPLIST_KEY_UILaunchStoryboardName = LaunchScreen;
				INFOPLIST_KEY_UISupportedInterfaceOrientations_iPad = "UIInterfaceOrientationPortrait UIInterfaceOrientationPortraitUpsideDown UIInterfaceOrientationLandscapeLeft UIInterfaceOrientationLandscapeRight";
				INFOPLIST_KEY_UISupportedInterfaceOrientations_iPhone = "UIInterfaceOrientationPortrait UIInterfaceOrientationLandscapeLeft UIInterfaceOrientationLandscapeRight";
				LD_RUNPATH_SEARCH_PATHS = (
					"$(inherited)",
					"@executable_path/Frameworks",
				);
				MARKETING_VERSION = 1.0;
				PRODUCT_BUNDLE_IDENTIFIER = test.CatchStream;
				PRODUCT_NAME = "$(TARGET_NAME)";
				SWIFT_EMIT_LOC_STRINGS = YES;
				SWIFT_VERSION = 5.0;
				TARGETED_DEVICE_FAMILY = "1,2";
			};
			name = Release;
		};
/* End XCBuildConfiguration section */

/* Begin XCConfigurationList section */
		C31A7DE228150B4E0086A644 /* Build configuration list for PBXProject "CatchStream" */ = {
			isa = XCConfigurationList;
			buildConfigurations = (
				C31A7DFC28150B500086A644 /* Debug */,
				C31A7DFD28150B500086A644 /* Release */,
			);
			defaultConfigurationIsVisible = 0;
			defaultConfigurationName = Release;
		};
		C31A7DFE28150B500086A644 /* Build configuration list for PBXNativeTarget "CatchStream" */ = {
			isa = XCConfigurationList;
			buildConfigurations = (
				C31A7DFF28150B500086A644 /* Debug */,
				C31A7E0028150B500086A644 /* Release */,
			);
			defaultConfigurationIsVisible = 0;
			defaultConfigurationName = Release;
		};
/* End XCConfigurationList section */

/* Begin XCRemoteSwiftPackageReference section */
		C3F8FBE72839F0650039B446 /* XCRemoteSwiftPackageReference "SDWebImage" */ = {
			isa = XCRemoteSwiftPackageReference;
			repositoryURL = "https://github.com/SDWebImage/SDWebImage.git";
			requirement = {
				kind = upToNextMajorVersion;
				minimumVersion = 5.0.0;
			};
		};
/* End XCRemoteSwiftPackageReference section */

/* Begin XCSwiftPackageProductDependency section */
		C3F8FBE82839F0650039B446 /* SDWebImage */ = {
			isa = XCSwiftPackageProductDependency;
			package = C3F8FBE72839F0650039B446 /* XCRemoteSwiftPackageReference "SDWebImage" */;
			productName = SDWebImage;
		};
		C3F8FBEA2839F0650039B446 /* SDWebImageMapKit */ = {
			isa = XCSwiftPackageProductDependency;
			package = C3F8FBE72839F0650039B446 /* XCRemoteSwiftPackageReference "SDWebImage" */;
			productName = SDWebImageMapKit;
		};
/* End XCSwiftPackageProductDependency section */

/* Begin XCVersionGroup section */
		C31A7DF328150B4E0086A644 /* CatchStream.xcdatamodeld */ = {
			isa = XCVersionGroup;
			children = (
				C31A7DF428150B4E0086A644 /* CatchStream.xcdatamodel */,
			);
			currentVersion = C31A7DF428150B4E0086A644 /* CatchStream.xcdatamodel */;
			path = CatchStream.xcdatamodeld;
			sourceTree = "<group>";
			versionGroupType = wrapper.xcdatamodel;
		};
/* End XCVersionGroup section */
	};
	rootObject = C31A7DDF28150B4E0086A644 /* Project object */;
}
